{
  "originHash" : "2d4842ac91a6dee7c78c25d95b54618afea7e364d75695ce9f9c39e4cb4bb43a",
  "pins" : [
    {
      "identity" : "home-control-client",
      "kind" : "remoteSourceControl",
      "location" : "https://github.com/f23a/home-control-client.git",
      "state" : {
        "revision" : "369c5c71497b528be924da5887092df5506950ee",
        "version" : "1.2.0"
      }
    },
    {
      "identity" : "home-control-kit",
      "kind" : "remoteSourceControl",
      "location" : "https://github.com/f23a/home-control-kit.git",
      "state" : {
        "revision" : "d31871192a52c83a0cd1e4f37b4ba0593fd3fe23",
        "version" : "1.3.0"
      }
    }
  ],
  "version" : 3
}
